
Microsoft Visual Studio Solution File, Format Version 12.00
# Visual Studio Version 16
VisualStudioVersion = 16.0.32802.440
MinimumVisualStudioVersion = 10.0.40219.1
Project("{8BC9CEB8-8B4A-11D0-8D11-00A0C91BC942}") = "JungOL", "C\C.vcxproj", "{46EEB3A8-E51E-4341-9C8A-0AE02664247C}"
EndProject
Project("{8BC9CEB8-8B4A-11D0-8D11-00A0C91BC942}") = "Practice", "Practice\Practice.vcxproj", "{0439CD1F-7C42-409A-9442-AFECD14628E7}"
EndProject
Global
	GlobalSection(SolutionConfigurationPlatforms) = preSolution
		Debug|x64 = Debug|x64
		Debug|x86 = Debug|x86
		Release|x64 = Release|x64
		Release|x86 = Release|x86
	EndGlobalSection
	GlobalSection(ProjectConfigurationPlatforms) = postSolution
		{46EEB3A8-E51E-4341-9C8A-0AE02664247C}.Debug|x64.ActiveCfg = Debug|x64
		{46EEB3A8-E51E-4341-9C8A-0AE02664247C}.Debug|x64.Build.0 = Debug|x64
		{46EEB3A8-E51E-4341-9C8A-0AE02664247C}.Debug|x86.ActiveCfg = Debug|Win32
		{46EEB3A8-E51E-4341-9C8A-0AE02664247C}.Debug|x86.Build.0 = Debug|Win32
		{46EEB3A8-E51E-4341-9C8A-0AE02664247C}.Release|x64.ActiveCfg = Release|x64
		{46EEB3A8-E51E-4341-9C8A-0AE02664247C}.Release|x64.Build.0 = Release|x64
		{46EEB3A8-E51E-4341-9C8A-0AE02664247C}.Release|x86.ActiveCfg = Release|Win32
		{46EEB3A8-E51E-4341-9C8A-0AE02664247C}.Release|x86.Build.0 = Release|Win32
		{0439CD1F-7C42-409A-9442-AFECD14628E7}.Debug|x64.ActiveCfg = Debug|x64
		{0439CD1F-7C42-409A-9442-AFECD14628E7}.Debug|x64.Build.0 = Debug|x64
		{0439CD1F-7C42-409A-9442-AFECD14628E7}.Debug|x86.ActiveCfg = Debug|Win32
		{0439CD1F-7C42-409A-9442-AFECD14628E7}.Debug|x86.Build.0 = Debug|Win32
		{0439CD1F-7C42-409A-9442-AFECD14628E7}.Release|x64.ActiveCfg = Release|x64
		{0439CD1F-7C42-409A-9442-AFECD14628E7}.Release|x64.Build.0 = Release|x64
		{0439CD1F-7C42-409A-9442-AFECD14628E7}.Release|x86.ActiveCfg = Release|Win32
		{0439CD1F-7C42-409A-9442-AFECD14628E7}.Release|x86.Build.0 = Release|Win32
	EndGlobalSection
	GlobalSection(SolutionProperties) = preSolution
		HideSolutionNode = FALSE
	EndGlobalSection
	GlobalSection(ExtensibilityGlobals) = postSolution
		SolutionGuid = {75595BE0-8975-4B51-967E-C105A93C5BE9}
	EndGlobalSection
EndGlobal
