
Microsoft Visual Studio Solution File, Format Version 12.00
# Visual Studio Version 16
VisualStudioVersion = 16.0.32802.440
MinimumVisualStudioVersion = 10.0.40219.1
Project("{8BC9CEB8-8B4A-11D0-8D11-00A0C91BC942}") = "CodingTest", "CodingTest\CodingTest.vcxproj", "{C0CFE489-C8C6-4F77-A9E6-23BD38042717}"
EndProject
Project("{8BC9CEB8-8B4A-11D0-8D11-00A0C91BC942}") = "Pratice", "Pratice\Pratice.vcxproj", "{F9F7EF9F-13CA-4E8F-A5A0-2CFA4427A852}"
EndProject
Global
	GlobalSection(SolutionConfigurationPlatforms) = preSolution
		Debug|x64 = Debug|x64
		Debug|x86 = Debug|x86
		Release|x64 = Release|x64
		Release|x86 = Release|x86
	EndGlobalSection
	GlobalSection(ProjectConfigurationPlatforms) = postSolution
		{C0CFE489-C8C6-4F77-A9E6-23BD38042717}.Debug|x64.ActiveCfg = Debug|x64
		{C0CFE489-C8C6-4F77-A9E6-23BD38042717}.Debug|x64.Build.0 = Debug|x64
		{C0CFE489-C8C6-4F77-A9E6-23BD38042717}.Debug|x86.ActiveCfg = Debug|Win32
		{C0CFE489-C8C6-4F77-A9E6-23BD38042717}.Debug|x86.Build.0 = Debug|Win32
		{C0CFE489-C8C6-4F77-A9E6-23BD38042717}.Release|x64.ActiveCfg = Release|x64
		{C0CFE489-C8C6-4F77-A9E6-23BD38042717}.Release|x64.Build.0 = Release|x64
		{C0CFE489-C8C6-4F77-A9E6-23BD38042717}.Release|x86.ActiveCfg = Release|Win32
		{C0CFE489-C8C6-4F77-A9E6-23BD38042717}.Release|x86.Build.0 = Release|Win32
		{F9F7EF9F-13CA-4E8F-A5A0-2CFA4427A852}.Debug|x64.ActiveCfg = Debug|x64
		{F9F7EF9F-13CA-4E8F-A5A0-2CFA4427A852}.Debug|x64.Build.0 = Debug|x64
		{F9F7EF9F-13CA-4E8F-A5A0-2CFA4427A852}.Debug|x86.ActiveCfg = Debug|Win32
		{F9F7EF9F-13CA-4E8F-A5A0-2CFA4427A852}.Debug|x86.Build.0 = Debug|Win32
		{F9F7EF9F-13CA-4E8F-A5A0-2CFA4427A852}.Release|x64.ActiveCfg = Release|x64
		{F9F7EF9F-13CA-4E8F-A5A0-2CFA4427A852}.Release|x64.Build.0 = Release|x64
		{F9F7EF9F-13CA-4E8F-A5A0-2CFA4427A852}.Release|x86.ActiveCfg = Release|Win32
		{F9F7EF9F-13CA-4E8F-A5A0-2CFA4427A852}.Release|x86.Build.0 = Release|Win32
	EndGlobalSection
	GlobalSection(SolutionProperties) = preSolution
		HideSolutionNode = FALSE
	EndGlobalSection
	GlobalSection(ExtensibilityGlobals) = postSolution
		SolutionGuid = {559F3CD9-8C54-4391-B13F-477C5077D19B}
	EndGlobalSection
EndGlobal
